
Microsoft Visual Studio Solution File, Format Version 12.00
# Visual Studio Version 17
VisualStudioVersion = 17.0.31903.59
MinimumVisualStudioVersion = 10.0.40219.1
Project("{2150E333-8FDC-42A3-9474-1A3956D46DE8}") = "src", "src", "{827E0CD3-B72D-47B6-A68D-7590B98EB39B}"
EndProject
Project("{FAE04EC0-301F-11D3-BF4B-00C04F79EFBC}") = "Inventory.Domain", "src\Inventory.Domain\Inventory.Domain.csproj", "{A156899B-A9E7-4A21-ADDC-EFCCBBF514F6}"
EndProject
Project("{FAE04EC0-301F-11D3-BF4B-00C04F79EFBC}") = "Inventory.Application", "src\Inventory.Application\Inventory.Application.csproj", "{195300B9-DA78-4B98-BEDB-587DA64778C5}"
EndProject
Project("{FAE04EC0-301F-11D3-BF4B-00C04F79EFBC}") = "Inventory.Infrastructure", "src\Inventory.Infrastructure\Inventory.Infrastructure.csproj", "{90DAAE79-B1AE-49F2-A6EA-810FED0149EE}"
EndProject
Project("{FAE04EC0-301F-11D3-BF4B-00C04F79EFBC}") = "Inventory.Api", "src\Inventory.Api\Inventory.Api.csproj", "{B9FAAB1A-91DB-4BBF-BDFA-F3E19AB5BC96}"
EndProject
Project("{2150E333-8FDC-42A3-9474-1A3956D46DE8}") = "tests", "tests", "{0AB3BF05-4346-4AA6-1389-037BE0695223}"
EndProject
Project("{FAE04EC0-301F-11D3-BF4B-00C04F79EFBC}") = "Inventory.Tests", "tests\Inventory.Tests\Inventory.Tests.csproj", "{AD98446E-64D7-4BB8-A676-8DEA7E0D2181}"
EndProject
Global
	GlobalSection(SolutionConfigurationPlatforms) = preSolution
		Debug|Any CPU = Debug|Any CPU
		Debug|x64 = Debug|x64
		Debug|x86 = Debug|x86
		Release|Any CPU = Release|Any CPU
		Release|x64 = Release|x64
		Release|x86 = Release|x86
	EndGlobalSection
	GlobalSection(ProjectConfigurationPlatforms) = postSolution
		{A156899B-A9E7-4A21-ADDC-EFCCBBF514F6}.Debug|Any CPU.ActiveCfg = Debug|Any CPU
		{A156899B-A9E7-4A21-ADDC-EFCCBBF514F6}.Debug|Any CPU.Build.0 = Debug|Any CPU
		{A156899B-A9E7-4A21-ADDC-EFCCBBF514F6}.Debug|x64.ActiveCfg = Debug|Any CPU
		{A156899B-A9E7-4A21-ADDC-EFCCBBF514F6}.Debug|x64.Build.0 = Debug|Any CPU
		{A156899B-A9E7-4A21-ADDC-EFCCBBF514F6}.Debug|x86.ActiveCfg = Debug|Any CPU
		{A156899B-A9E7-4A21-ADDC-EFCCBBF514F6}.Debug|x86.Build.0 = Debug|Any CPU
		{A156899B-A9E7-4A21-ADDC-EFCCBBF514F6}.Release|Any CPU.ActiveCfg = Release|Any CPU
		{A156899B-A9E7-4A21-ADDC-EFCCBBF514F6}.Release|Any CPU.Build.0 = Release|Any CPU
		{A156899B-A9E7-4A21-ADDC-EFCCBBF514F6}.Release|x64.ActiveCfg = Release|Any CPU
		{A156899B-A9E7-4A21-ADDC-EFCCBBF514F6}.Release|x64.Build.0 = Release|Any CPU
		{A156899B-A9E7-4A21-ADDC-EFCCBBF514F6}.Release|x86.ActiveCfg = Release|Any CPU
		{A156899B-A9E7-4A21-ADDC-EFCCBBF514F6}.Release|x86.Build.0 = Release|Any CPU
		{195300B9-DA78-4B98-BEDB-587DA64778C5}.Debug|Any CPU.ActiveCfg = Debug|Any CPU
		{195300B9-DA78-4B98-BEDB-587DA64778C5}.Debug|Any CPU.Build.0 = Debug|Any CPU
		{195300B9-DA78-4B98-BEDB-587DA64778C5}.Debug|x64.ActiveCfg = Debug|Any CPU
		{195300B9-DA78-4B98-BEDB-587DA64778C5}.Debug|x64.Build.0 = Debug|Any CPU
		{195300B9-DA78-4B98-BEDB-587DA64778C5}.Debug|x86.ActiveCfg = Debug|Any CPU
		{195300B9-DA78-4B98-BEDB-587DA64778C5}.Debug|x86.Build.0 = Debug|Any CPU
		{195300B9-DA78-4B98-BEDB-587DA64778C5}.Release|Any CPU.ActiveCfg = Release|Any CPU
		{195300B9-DA78-4B98-BEDB-587DA64778C5}.Release|Any CPU.Build.0 = Release|Any CPU
		{195300B9-DA78-4B98-BEDB-587DA64778C5}.Release|x64.ActiveCfg = Release|Any CPU
		{195300B9-DA78-4B98-BEDB-587DA64778C5}.Release|x64.Build.0 = Release|Any CPU
		{195300B9-DA78-4B98-BEDB-587DA64778C5}.Release|x86.ActiveCfg = Release|Any CPU
		{195300B9-DA78-4B98-BEDB-587DA64778C5}.Release|x86.Build.0 = Release|Any CPU
		{90DAAE79-B1AE-49F2-A6EA-810FED0149EE}.Debug|Any CPU.ActiveCfg = Debug|Any CPU
		{90DAAE79-B1AE-49F2-A6EA-810FED0149EE}.Debug|Any CPU.Build.0 = Debug|Any CPU
		{90DAAE79-B1AE-49F2-A6EA-810FED0149EE}.Debug|x64.ActiveCfg = Debug|Any CPU
		{90DAAE79-B1AE-49F2-A6EA-810FED0149EE}.Debug|x64.Build.0 = Debug|Any CPU
		{90DAAE79-B1AE-49F2-A6EA-810FED0149EE}.Debug|x86.ActiveCfg = Debug|Any CPU
		{90DAAE79-B1AE-49F2-A6EA-810FED0149EE}.Debug|x86.Build.0 = Debug|Any CPU
		{90DAAE79-B1AE-49F2-A6EA-810FED0149EE}.Release|Any CPU.ActiveCfg = Release|Any CPU
		{90DAAE79-B1AE-49F2-A6EA-810FED0149EE}.Release|Any CPU.Build.0 = Release|Any CPU
		{90DAAE79-B1AE-49F2-A6EA-810FED0149EE}.Release|x64.ActiveCfg = Release|Any CPU
		{90DAAE79-B1AE-49F2-A6EA-810FED0149EE}.Release|x64.Build.0 = Release|Any CPU
		{90DAAE79-B1AE-49F2-A6EA-810FED0149EE}.Release|x86.ActiveCfg = Release|Any CPU
		{90DAAE79-B1AE-49F2-A6EA-810FED0149EE}.Release|x86.Build.0 = Release|Any CPU
		{B9FAAB1A-91DB-4BBF-BDFA-F3E19AB5BC96}.Debug|Any CPU.ActiveCfg = Debug|Any CPU
		{B9FAAB1A-91DB-4BBF-BDFA-F3E19AB5BC96}.Debug|Any CPU.Build.0 = Debug|Any CPU
		{B9FAAB1A-91DB-4BBF-BDFA-F3E19AB5BC96}.Debug|x64.ActiveCfg = Debug|Any CPU
		{B9FAAB1A-91DB-4BBF-BDFA-F3E19AB5BC96}.Debug|x64.Build.0 = Debug|Any CPU
		{B9FAAB1A-91DB-4BBF-BDFA-F3E19AB5BC96}.Debug|x86.ActiveCfg = Debug|Any CPU
		{B9FAAB1A-91DB-4BBF-BDFA-F3E19AB5BC96}.Debug|x86.Build.0 = Debug|Any CPU
		{B9FAAB1A-91DB-4BBF-BDFA-F3E19AB5BC96}.Release|Any CPU.ActiveCfg = Release|Any CPU
		{B9FAAB1A-91DB-4BBF-BDFA-F3E19AB5BC96}.Release|Any CPU.Build.0 = Release|Any CPU
		{B9FAAB1A-91DB-4BBF-BDFA-F3E19AB5BC96}.Release|x64.ActiveCfg = Release|Any CPU
		{B9FAAB1A-91DB-4BBF-BDFA-F3E19AB5BC96}.Release|x64.Build.0 = Release|Any CPU
		{B9FAAB1A-91DB-4BBF-BDFA-F3E19AB5BC96}.Release|x86.ActiveCfg = Release|Any CPU
		{B9FAAB1A-91DB-4BBF-BDFA-F3E19AB5BC96}.Release|x86.Build.0 = Release|Any CPU
		{AD98446E-64D7-4BB8-A676-8DEA7E0D2181}.Debug|Any CPU.ActiveCfg = Debug|Any CPU
		{AD98446E-64D7-4BB8-A676-8DEA7E0D2181}.Debug|Any CPU.Build.0 = Debug|Any CPU
		{AD98446E-64D7-4BB8-A676-8DEA7E0D2181}.Debug|x64.ActiveCfg = Debug|Any CPU
		{AD98446E-64D7-4BB8-A676-8DEA7E0D2181}.Debug|x64.Build.0 = Debug|Any CPU
		{AD98446E-64D7-4BB8-A676-8DEA7E0D2181}.Debug|x86.ActiveCfg = Debug|Any CPU
		{AD98446E-64D7-4BB8-A676-8DEA7E0D2181}.Debug|x86.Build.0 = Debug|Any CPU
		{AD98446E-64D7-4BB8-A676-8DEA7E0D2181}.Release|Any CPU.ActiveCfg = Release|Any CPU
		{AD98446E-64D7-4BB8-A676-8DEA7E0D2181}.Release|Any CPU.Build.0 = Release|Any CPU
		{AD98446E-64D7-4BB8-A676-8DEA7E0D2181}.Release|x64.ActiveCfg = Release|Any CPU
		{AD98446E-64D7-4BB8-A676-8DEA7E0D2181}.Release|x64.Build.0 = Release|Any CPU
		{AD98446E-64D7-4BB8-A676-8DEA7E0D2181}.Release|x86.ActiveCfg = Release|Any CPU
		{AD98446E-64D7-4BB8-A676-8DEA7E0D2181}.Release|x86.Build.0 = Release|Any CPU
	EndGlobalSection
	GlobalSection(SolutionProperties) = preSolution
		HideSolutionNode = FALSE
	EndGlobalSection
	GlobalSection(NestedProjects) = preSolution
		{A156899B-A9E7-4A21-ADDC-EFCCBBF514F6} = {827E0CD3-B72D-47B6-A68D-7590B98EB39B}
		{195300B9-DA78-4B98-BEDB-587DA64778C5} = {827E0CD3-B72D-47B6-A68D-7590B98EB39B}
		{90DAAE79-B1AE-49F2-A6EA-810FED0149EE} = {827E0CD3-B72D-47B6-A68D-7590B98EB39B}
		{B9FAAB1A-91DB-4BBF-BDFA-F3E19AB5BC96} = {827E0CD3-B72D-47B6-A68D-7590B98EB39B}
		{AD98446E-64D7-4BB8-A676-8DEA7E0D2181} = {0AB3BF05-4346-4AA6-1389-037BE0695223}
	EndGlobalSection
EndGlobal
